github.com/eens1/config v0.0.0-20241021120710-f3ebe7c2a720 h1:dnB8kycHccHchmHAu9S4BsUN9UDDeoKb17ctitKDXxw=
github.com/eens1/config v0.0.0-20241021120710-f3ebe7c2a720/go.mod h1:WccIBwO6Cw5wlt2HJ3katlH0qZNQeeaLX7+GkVR0FmI=
github.com/eens1/config v0.0.0-20241021130751-ffe15ef347e1 h1:P+D7/Bm/cUo01yrkazSySbefoKevMq6CwzHMjWO2Om0=
github.com/eens1/config v0.0.0-20241021130751-ffe15ef347e1/go.mod h1:WccIBwO6Cw5wlt2HJ3katlH0qZNQeeaLX7+GkVR0FmI=
github.com/eens1/config v0.0.0-20241021130928-942afb380b17 h1:Gp4M1eG7vHawu65B1RlG7dXy4xdnO20k6XdZB98/Q+U=
github.com/eens1/config v0.0.0-20241021130928-942afb380b17/go.mod h1:WccIBwO6Cw5wlt2HJ3katlH0qZNQeeaLX7+GkVR0FmI=
github.com/eens1/config v0.0.0-20241021141630-b145099baee9 h1:pK4YkY1FmJR0NDdU70ZoDPfXEt73ds2H/wDvcKNzAdw=
github.com/eens1/config v0.0.0-20241021141630-b145099baee9/go.mod h1:WccIBwO6Cw5wlt2HJ3katlH0qZNQeeaLX7+GkVR0FmI=
github.com/eens1/config v0.0.0-20241021174023-b05d24d11363 h1:VFlUQG1S92JXjUSdG+MfjNH2kdR2WlJ3GVgSK4KCIEE=
github.com/eens1/config v0.0.0-20241021174023-b05d24d11363/go.mod h1:WccIBwO6Cw5wlt2HJ3katlH0qZNQeeaLX7+GkVR0FmI=
github.com/eens1/config v0.0.0-20241021185453-9e1ba8344af3 h1:nI02ksysg6WEVl/03P/xeGYSh3Oe40SJ/eSm5tOmnwQ=
github.com/eens1/config v0.0.0-20241021185453-9e1ba8344af3/go.mod h1:WccIBwO6Cw5wlt2HJ3katlH0qZNQeeaLX7+GkVR0FmI=
github.com/eens1/config v0.0.0-20241021190530-38d8cf11a0c3 h1:ownwF+8OxI+g5pFjxqLUl9Hs5SyyCqFoXbXRA3qlPlg=
github.com/eens1/config v0.0.0-20241021190530-38d8cf11a0c3/go.mod h1:WccIBwO6Cw5wlt2HJ3katlH0qZNQeeaLX7+GkVR0FmI=
github.com/eens1/config v0.0.0-20241021190951-e8421da8fb39 h1:4BQSkEEuKTmX0F0CR9C8Q2Y2bNUzplUrF92P43mSNx8=
github.com/eens1/config v0.0.0-20241021190951-e8421da8fb39/go.mod h1:WccIBwO6Cw5wlt2HJ3katlH0qZNQeeaLX7+GkVR0FmI=
github.com/eens1/config v0.0.0-20241022030802-9af31e6fd758 h1:I7ZFf6kSx8xHHBUaKwl3U+wcw+MCs36qSZx/ZCJX7es=
github.com/eens1/config v0.0.0-20241022030802-9af31e6fd758/go.mod h1:WccIBwO6Cw5wlt2HJ3katlH0qZNQeeaLX7+GkVR0FmI=
github.com/eens1/config v0.0.0-20241022090255-3d7bd476bc81 h1:kRPERYJudvCunZgK37sQIhr8igHTe5xLRq5z+NE999c=
github.com/eens1/config v0.0.0-20241022090255-3d7bd476bc81/go.mod h1:WccIBwO6Cw5wlt2HJ3katlH0qZNQeeaLX7+GkVR0FmI=
github.com/eens1/config v0.0.0-20241022142030-9222eece793f h1:AvgtnAfGkIb/5ovohWRtyvTCfZ3EUn1m6oqrTY0SzFo=
github.com/eens1/config v0.0.0-20241022142030-9222eece793f/go.mod h1:WccIBwO6Cw5wlt2HJ3katlH0qZNQeeaLX7+GkVR0FmI=
